// !$*UTF8*$!
{
	archiveVersion = 1;
	classes = {
	};
	objectVersion = 50;
	objects = {

/* Begin PBXBuildFile section */
		541A6E5B21539EFC001E33C2 /* backgroundmusic.mp3 in Resources */ = {isa = PBXBuildFile; fileRef = 541A6E5A21539EFC001E33C2 /* backgroundmusic.mp3 */; };
		541A6E602153B026001E33C2 /* logo.jpg in Resources */ = {isa = PBXBuildFile; fileRef = 541A6E5F2153B026001E33C2 /* logo.jpg */; };
		541AE96321597C68005EAE39 /* IntroductionViewController.swift in Sources */ = {isa = PBXBuildFile; fileRef = 541AE96221597C68005EAE39 /* IntroductionViewController.swift */; };
		54B99A65215133500018B9FD /* AppDelegate.swift in Sources */ = {isa = PBXBuildFile; fileRef = 54B99A64215133500018B9FD /* AppDelegate.swift */; };
		54B99A67215133500018B9FD /* art.scnassets in Resources */ = {isa = PBXBuildFile; fileRef = 54B99A66215133500018B9FD /* art.scnassets */; };
		54B99A69215133500018B9FD /* ViewController.swift in Sources */ = {isa = PBXBuildFile; fileRef = 54B99A68215133500018B9FD /* ViewController.swift */; };
		54B99A6C215133500018B9FD /* Main.storyboard in Resources */ = {isa = PBXBuildFile; fileRef = 54B99A6A215133500018B9FD /* Main.storyboard */; };
		54B99A6E215133520018B9FD /* Assets.xcassets in Resources */ = {isa = PBXBuildFile; fileRef = 54B99A6D215133520018B9FD /* Assets.xcassets */; };
		54B99A71215133520018B9FD /* LaunchScreen.storyboard in Resources */ = {isa = PBXBuildFile; fileRef = 54B99A6F215133520018B9FD /* LaunchScreen.storyboard */; };
/* End PBXBuildFile section */

/* Begin PBXFileReference section */
		541A6E5A21539EFC001E33C2 /* backgroundmusic.mp3 */ = {isa = PBXFileReference; lastKnownFileType = audio.mp3; path = backgroundmusic.mp3; sourceTree = "<group>"; };
		541A6E5F2153B026001E33C2 /* logo.jpg */ = {isa = PBXFileReference; lastKnownFileType = image.jpeg; path = logo.jpg; sourceTree = "<group>"; };
		541AE96221597C68005EAE39 /* IntroductionViewController.swift */ = {isa = PBXFileReference; lastKnownFileType = sourcecode.swift; path = IntroductionViewController.swift; sourceTree = "<group>"; };
		54B99A61215133500018B9FD /* ARSurfacesHomework.app */ = {isa = PBXFileReference; explicitFileType = wrapper.application; includeInIndex = 0; path = ARSurfacesHomework.app; sourceTree = BUILT_PRODUCTS_DIR; };
		54B99A64215133500018B9FD /* AppDelegate.swift */ = {isa = PBXFileReference; lastKnownFileType = sourcecode.swift; path = AppDelegate.swift; sourceTree = "<group>"; };
		54B99A66215133500018B9FD /* art.scnassets */ = {isa = PBXFileReference; lastKnownFileType = wrapper.scnassets; path = art.scnassets; sourceTree = "<group>"; };
		54B99A68215133500018B9FD /* ViewController.swift */ = {isa = PBXFileReference; lastKnownFileType = sourcecode.swift; path = ViewController.swift; sourceTree = "<group>"; };
		54B99A6B215133500018B9FD /* Base */ = {isa = PBXFileReference; lastKnownFileType = file.storyboard; name = Base; path = Base.lproj/Main.storyboard; sourceTree = "<group>"; };
		54B99A6D215133520018B9FD /* Assets.xcassets */ = {isa = PBXFileReference; lastKnownFileType = folder.assetcatalog; path = Assets.xcassets; sourceTree = "<group>"; };
		54B99A70215133520018B9FD /* Base */ = {isa = PBXFileReference; lastKnownFileType = file.storyboard; name = Base; path = Base.lproj/LaunchScreen.storyboard; sourceTree = "<group>"; };
		54B99A72215133520018B9FD /* Info.plist */ = {isa = PBXFileReference; lastKnownFileType = text.plist.xml; path = Info.plist; sourceTree = "<group>"; };
/* End PBXFileReference section */

/* Begin PBXFrameworksBuildPhase section */
		54B99A5E215133500018B9FD /* Frameworks */ = {
			isa = PBXFrameworksBuildPhase;
			buildActionMask = 2147483647;
			files = (
			);
			runOnlyForDeploymentPostprocessing = 0;
		};
/* End PBXFrameworksBuildPhase section */

/* Begin PBXGroup section */
		54B99A58215133500018B9FD = {
			isa = PBXGroup;
			children = (
				54B99A63215133500018B9FD /* ARSurfacesHomework */,
				54B99A62215133500018B9FD /* Products */,
			);
			sourceTree = "<group>";
		};
		54B99A62215133500018B9FD /* Products */ = {
			isa = PBXGroup;
			children = (
				54B99A61215133500018B9FD /* ARSurfacesHomework.app */,
			);
			name = Products;
			sourceTree = "<group>";
		};
		54B99A63215133500018B9FD /* ARSurfacesHomework */ = {
			isa = PBXGroup;
			children = (
				541AE96221597C68005EAE39 /* IntroductionViewController.swift */,
				541A6E5A21539EFC001E33C2 /* backgroundmusic.mp3 */,
				541A6E5F2153B026001E33C2 /* logo.jpg */,
				54B99A64215133500018B9FD /* AppDelegate.swift */,
				54B99A66215133500018B9FD /* art.scnassets */,
				54B99A68215133500018B9FD /* ViewController.swift */,
				54B99A6A215133500018B9FD /* Main.storyboard */,
				54B99A6D215133520018B9FD /* Assets.xcassets */,
				54B99A6F215133520018B9FD /* LaunchScreen.storyboard */,
				54B99A72215133520018B9FD /* Info.plist */,
			);
			path = ARSurfacesHomework;
			sourceTree = "<group>";
		};
/* End PBXGroup section */

/* Begin PBXNativeTarget section */
		54B99A60215133500018B9FD /* ARSurfacesHomework */ = {
			isa = PBXNativeTarget;
			buildConfigurationList = 54B99A75215133520018B9FD /* Build configuration list for PBXNativeTarget "ARSurfacesHomework" */;
			buildPhases = (
				54B99A5D215133500018B9FD /* Sources */,
				54B99A5E215133500018B9FD /* Frameworks */,
				54B99A5F215133500018B9FD /* Resources */,
			);
			buildRules = (
			);
			dependencies = (
			);
			name = ARSurfacesHomework;
			productName = ARSurfacesHomework;
			productReference = 54B99A61215133500018B9FD /* ARSurfacesHomework.app */;
			productType = "com.apple.product-type.application";
		};
/* End PBXNativeTarget section */

/* Begin PBXProject section */
		54B99A59215133500018B9FD /* Project object */ = {
			isa = PBXProject;
			attributes = {
				LastSwiftUpdateCheck = 0940;
				LastUpgradeCheck = 0940;
				ORGANIZATIONNAME = "Глеб Николаев";
				TargetAttributes = {
					54B99A60215133500018B9FD = {
						CreatedOnToolsVersion = 9.4.1;
						LastSwiftMigration = 1000;
						SystemCapabilities = {
							com.apple.BackgroundModes = {
								enabled = 1;
							};
						};
					};
				};
			};
			buildConfigurationList = 54B99A5C215133500018B9FD /* Build configuration list for PBXProject "ARSurfacesHomework" */;
			compatibilityVersion = "Xcode 9.3";
			developmentRegion = en;
			hasScannedForEncodings = 0;
			knownRegions = (
				en,
				Base,
			);
			mainGroup = 54B99A58215133500018B9FD;
			productRefGroup = 54B99A62215133500018B9FD /* Products */;
			projectDirPath = "";
			projectRoot = "";
			targets = (
				54B99A60215133500018B9FD /* ARSurfacesHomework */,
			);
		};
/* End PBXProject section */

/* Begin PBXResourcesBuildPhase section */
		54B99A5F215133500018B9FD /* Resources */ = {
			isa = PBXResourcesBuildPhase;
			buildActionMask = 2147483647;
			files = (
				541A6E5B21539EFC001E33C2 /* backgroundmusic.mp3 in Resources */,
				541A6E602153B026001E33C2 /* logo.jpg in Resources */,
				54B99A67215133500018B9FD /* art.scnassets in Resources */,
				54B99A71215133520018B9FD /* LaunchScreen.storyboard in Resources */,
				54B99A6E215133520018B9FD /* Assets.xcassets in Resources */,
				54B99A6C215133500018B9FD /* Main.storyboard in Resources */,
			);
			runOnlyForDeploymentPostprocessing = 0;
		};
/* End PBXResourcesBuildPhase section */

/* Begin PBXSourcesBuildPhase section */
		54B99A5D215133500018B9FD /* Sources */ = {
			isa = PBXSourcesBuildPhase;
			buildActionMask = 2147483647;
			files = (
				54B99A69215133500018B9FD /* ViewController.swift in Sources */,
				541AE96321597C68005EAE39 /* IntroductionViewController.swift in Sources */,
				54B99A65215133500018B9FD /* AppDelegate.swift in Sources */,
			);
			runOnlyForDeploymentPostprocessing = 0;
		};
/* End PBXSourcesBuildPhase section */

/* Begin PBXVariantGroup section */
		54B99A6A215133500018B9FD /* Main.storyboard */ = {
			isa = PBXVariantGroup;
			children = (
				54B99A6B215133500018B9FD /* Base */,
			);
			name = Main.storyboard;
			sourceTree = "<group>";
		};
		54B99A6F215133520018B9FD /* LaunchScreen.storyboard */ = {
			isa = PBXVariantGroup;
			children = (
				54B99A70215133520018B9FD /* Base */,
			);
			name = LaunchScreen.storyboard;
			sourceTree = "<group>";
		};
/* End PBXVariantGroup section */

/* Begin XCBuildConfiguration section */
		54B99A73215133520018B9FD /* Debug */ = {
			isa = XCBuildConfiguration;
			buildSettings = {
				ALWAYS_SEARCH_USER_PATHS = NO;
				CLANG_ANALYZER_NONNULL = YES;
				CLANG_ANALYZER_NUMBER_OBJECT_CONVERSION = YES_AGGRESSIVE;
				CLANG_CXX_LANGUAGE_STANDARD = "gnu++14";
				CLANG_CXX_LIBRARY = "libc++";
				CLANG_ENABLE_MODULES = YES;
				CLANG_ENABLE_OBJC_ARC = YES;
				CLANG_ENABLE_OBJC_WEAK = YES;
				CLANG_WARN_BLOCK_CAPTURE_AUTORELEASING = YES;
				CLANG_WARN_BOOL_CONVERSION = YES;
				CLANG_WARN_COMMA = YES;
				CLANG_WARN_CONSTANT_CONVERSION = YES;
				CLANG_WARN_DEPRECATED_OBJC_IMPLEMENTATIONS = YES;
				CLANG_WARN_DIRECT_OBJC_ISA_USAGE = YES_ERROR;
				CLANG_WARN_DOCUMENTATION_COMMENTS = YES;
				CLANG_WARN_EMPTY_BODY = YES;
				CLANG_WARN_ENUM_CONVERSION = YES;
				CLANG_WARN_INFINITE_RECURSION = YES;
				CLANG_WARN_INT_CONVERSION = YES;
				CLANG_WARN_NON_LITERAL_NULL_CONVERSION = YES;
				CLANG_WARN_OBJC_IMPLICIT_RETAIN_SELF = YES;
				CLANG_WARN_OBJC_LITERAL_CONVERSION = YES;
				CLANG_WARN_OBJC_ROOT_CLASS = YES_ERROR;
				CLANG_WARN_RANGE_LOOP_ANALYSIS = YES;
				CLANG_WARN_STRICT_PROTOTYPES = YES;
				CLANG_WARN_SUSPICIOUS_MOVE = YES;
				CLANG_WARN_UNGUARDED_AVAILABILITY = YES_AGGRESSIVE;
				CLANG_WARN_UNREACHABLE_CODE = YES;
				CLANG_WARN__DUPLICATE_METHOD_MATCH = YES;
				CODE_SIGN_IDENTITY = "iPhone Developer";
				COPY_PHASE_STRIP = NO;
				DEBUG_INFORMATION_FORMAT = dwarf;
				ENABLE_STRICT_OBJC_MSGSEND = YES;
				ENABLE_TESTABILITY = YES;
				GCC_C_LANGUAGE_STANDARD = gnu11;
				GCC_DYNAMIC_NO_PIC = NO;
				GCC_NO_COMMON_BLOCKS = YES;
				GCC_OPTIMIZATION_LEVEL = 0;
				GCC_PREPROCESSOR_DEFINITIONS = (
					"DEBUG=1",
					"$(inherited)",
				);
				GCC_WARN_64_TO_32_BIT_CONVERSION = YES;
				GCC_WARN_ABOUT_RETURN_TYPE = YES_ERROR;
				GCC_WARN_UNDECLARED_SELECTOR = YES;
				GCC_WARN_UNINITIALIZED_AUTOS = YES_AGGRESSIVE;
				GCC_WARN_UNUSED_FUNCTION = YES;
				GCC_WARN_UNUSED_VARIABLE = YES;
				IPHONEOS_DEPLOYMENT_TARGET = 11.4;
				MTL_ENABLE_DEBUG_INFO = YES;
				ONLY_ACTIVE_ARCH = YES;
				SDKROOT = iphoneos;
				SWIFT_ACTIVE_COMPILATION_CONDITIONS = DEBUG;
				SWIFT_OPTIMIZATION_LEVEL = "-Onone";
			};
			name = Debug;
		};
		54B99A74215133520018B9FD /* Release */ = {
			isa = XCBuildConfiguration;
			buildSettings = {
				ALWAYS_SEARCH_USER_PATHS = NO;
				CLANG_ANALYZER_NONNULL = YES;
				CLANG_ANALYZER_NUMBER_OBJECT_CONVERSION = YES_AGGRESSIVE;
				CLANG_CXX_LANGUAGE_STANDARD = "gnu++14";
				CLANG_CXX_LIBRARY = "libc++";
				CLANG_ENABLE_MODULES = YES;
				CLANG_ENABLE_OBJC_ARC = YES;
				CLANG_ENABLE_OBJC_WEAK = YES;
				CLANG_WARN_BLOCK_CAPTURE_AUTORELEASING = YES;
				CLANG_WARN_BOOL_CONVERSION = YES;
				CLANG_WARN_COMMA = YES;
				CLANG_WARN_CONSTANT_CONVERSION = YES;
				CLANG_WARN_DEPRECATED_OBJC_IMPLEMENTATIONS = YES;
				CLANG_WARN_DIRECT_OBJC_ISA_USAGE = YES_ERROR;
				CLANG_WARN_DOCUMENTATION_COMMENTS = YES;
				CLANG_WARN_EMPTY_BODY = YES;
				CLANG_WARN_ENUM_CONVERSION = YES;
				CLANG_WARN_INFINITE_RECURSION = YES;
				CLANG_WARN_INT_CONVERSION = YES;
				CLANG_WARN_NON_LITERAL_NULL_CONVERSION = YES;
				CLANG_WARN_OBJC_IMPLICIT_RETAIN_SELF = YES;
				CLANG_WARN_OBJC_LITERAL_CONVERSION = YES;
				CLANG_WARN_OBJC_ROOT_CLASS = YES_ERROR;
				CLANG_WARN_RANGE_LOOP_ANALYSIS = YES;
				CLANG_WARN_STRICT_PROTOTYPES = YES;
				CLANG_WARN_SUSPICIOUS_MOVE = YES;
				CLANG_WARN_UNGUARDED_AVAILABILITY = YES_AGGRESSIVE;
				CLANG_WARN_UNREACHABLE_CODE = YES;
				CLANG_WARN__DUPLICATE_METHOD_MATCH = YES;
				CODE_SIGN_IDENTITY = "iPhone Developer";
				COPY_PHASE_STRIP = NO;
				DEBUG_INFORMATION_FORMAT = "dwarf-with-dsym";
				ENABLE_NS_ASSERTIONS = NO;
				ENABLE_STRICT_OBJC_MSGSEND = YES;
				GCC_C_LANGUAGE_STANDARD = gnu11;
				GCC_NO_COMMON_BLOCKS = YES;
				GCC_WARN_64_TO_32_BIT_CONVERSION = YES;
				GCC_WARN_ABOUT_RETURN_TYPE = YES_ERROR;
				GCC_WARN_UNDECLARED_SELECTOR = YES;
				GCC_WARN_UNINITIALIZED_AUTOS = YES_AGGRESSIVE;
				GCC_WARN_UNUSED_FUNCTION = YES;
				GCC_WARN_UNUSED_VARIABLE = YES;
				IPHONEOS_DEPLOYMENT_TARGET = 11.4;
				MTL_ENABLE_DEBUG_INFO = NO;
				SDKROOT = iphoneos;
				SWIFT_COMPILATION_MODE = wholemodule;
				SWIFT_OPTIMIZATION_LEVEL = "-O";
				VALIDATE_PRODUCT = YES;
			};
			name = Release;
		};
		54B99A76215133520018B9FD /* Debug */ = {
			isa = XCBuildConfiguration;
			buildSettings = {
				ASSETCATALOG_COMPILER_APPICON_NAME = AppIcon;
				CODE_SIGN_STYLE = Automatic;
				DEVELOPMENT_TEAM = YWR3FR3BGD;
				INFOPLIST_FILE = ARSurfacesHomework/Info.plist;
				IPHONEOS_DEPLOYMENT_TARGET = 12.0;
				LD_RUNPATH_SEARCH_PATHS = (
					"$(inherited)",
					"@executable_path/Frameworks",
				);
				PRODUCT_BUNDLE_IDENTIFIER = glebnikolaev.ARSurfacesHomework;
				PRODUCT_NAME = "$(TARGET_NAME)";
				SWIFT_VERSION = 4.2;
				TARGETED_DEVICE_FAMILY = 1;
			};
			name = Debug;
		};
		54B99A77215133520018B9FD /* Release */ = {
			isa = XCBuildConfiguration;
			buildSettings = {
				ASSETCATALOG_COMPILER_APPICON_NAME = AppIcon;
				CODE_SIGN_STYLE = Automatic;
				DEVELOPMENT_TEAM = YWR3FR3BGD;
				INFOPLIST_FILE = ARSurfacesHomework/Info.plist;
				IPHONEOS_DEPLOYMENT_TARGET = 12.0;
				LD_RUNPATH_SEARCH_PATHS = (
					"$(inherited)",
					"@executable_path/Frameworks",
				);
				PRODUCT_BUNDLE_IDENTIFIER = glebnikolaev.ARSurfacesHomework;
				PRODUCT_NAME = "$(TARGET_NAME)";
				SWIFT_VERSION = 4.2;
				TARGETED_DEVICE_FAMILY = 1;
			};
			name = Release;
		};
/* End XCBuildConfiguration section */

/* Begin XCConfigurationList section */
		54B99A5C215133500018B9FD /* Build configuration list for PBXProject "ARSurfacesHomework" */ = {
			isa = XCConfigurationList;
			buildConfigurations = (
				54B99A73215133520018B9FD /* Debug */,
				54B99A74215133520018B9FD /* Release */,
			);
			defaultConfigurationIsVisible = 0;
			defaultConfigurationName = Release;
		};
		54B99A75215133520018B9FD /* Build configuration list for PBXNativeTarget "ARSurfacesHomework" */ = {
			isa = XCConfigurationList;
			buildConfigurations = (
				54B99A76215133520018B9FD /* Debug */,
				54B99A77215133520018B9FD /* Release */,
			);
			defaultConfigurationIsVisible = 0;
			defaultConfigurationName = Release;
		};
/* End XCConfigurationList section */
	};
	rootObject = 54B99A59215133500018B9FD /* Project object */;
}
